dependencies:
- name: database-prime
  repository: https://maniteja6799.github.io/chart-actions-demo/
  version: 0.0.5
- name: generic-dep-installer
  repository: https://caraml-dev.github.io/helm-charts
  version: 0.2.1
digest: sha256:c5de01a62a8876edbeb38cb2106dfc7c0cb8c084959745859822d7c17469adc6
generated: "2024-02-09T11:01:01.289915183Z"
